// !$*UTF8*$!
{
	archiveVersion = 1;
	classes = {
	};
	objectVersion = 50;
	objects = {

/* Begin PBXBuildFile section */
		981ADF2A26FEEB900097497C /* AppDelegate.swift in Sources */ = {isa = PBXBuildFile; fileRef = 981ADF2926FEEB900097497C /* AppDelegate.swift */; };
		981ADF2C26FEEB900097497C /* SceneDelegate.swift in Sources */ = {isa = PBXBuildFile; fileRef = 981ADF2B26FEEB900097497C /* SceneDelegate.swift */; };
		981ADF2E26FEEB900097497C /* ViewController.swift in Sources */ = {isa = PBXBuildFile; fileRef = 981ADF2D26FEEB900097497C /* ViewController.swift */; };
		981ADF3126FEEB900097497C /* Main.storyboard in Resources */ = {isa = PBXBuildFile; fileRef = 981ADF2F26FEEB900097497C /* Main.storyboard */; };
		981ADF3326FEEB910097497C /* Assets.xcassets in Resources */ = {isa = PBXBuildFile; fileRef = 981ADF3226FEEB910097497C /* Assets.xcassets */; };
		981ADF3626FEEB910097497C /* LaunchScreen.storyboard in Resources */ = {isa = PBXBuildFile; fileRef = 981ADF3426FEEB910097497C /* LaunchScreen.storyboard */; };
		981ADF4126FEEB910097497C /* NYTTests.swift in Sources */ = {isa = PBXBuildFile; fileRef = 981ADF4026FEEB910097497C /* NYTTests.swift */; };
		981ADF4C26FEEB910097497C /* NYTUITests.swift in Sources */ = {isa = PBXBuildFile; fileRef = 981ADF4B26FEEB910097497C /* NYTUITests.swift */; };
/* End PBXBuildFile section */

/* Begin PBXContainerItemProxy section */
		981ADF3D26FEEB910097497C /* PBXContainerItemProxy */ = {
			isa = PBXContainerItemProxy;
			containerPortal = 981ADF1E26FEEB900097497C /* Project object */;
			proxyType = 1;
			remoteGlobalIDString = 981ADF2526FEEB900097497C;
			remoteInfo = NYT;
		};
		981ADF4826FEEB910097497C /* PBXContainerItemProxy */ = {
			isa = PBXContainerItemProxy;
			containerPortal = 981ADF1E26FEEB900097497C /* Project object */;
			proxyType = 1;
			remoteGlobalIDString = 981ADF2526FEEB900097497C;
			remoteInfo = NYT;
		};
/* End PBXContainerItemProxy section */

/* Begin PBXFileReference section */
		981ADF2626FEEB900097497C /* NYT.app */ = {isa = PBXFileReference; explicitFileType = wrapper.application; includeInIndex = 0; path = NYT.app; sourceTree = BUILT_PRODUCTS_DIR; };
		981ADF2926FEEB900097497C /* AppDelegate.swift */ = {isa = PBXFileReference; lastKnownFileType = sourcecode.swift; path = AppDelegate.swift; sourceTree = "<group>"; };
		981ADF2B26FEEB900097497C /* SceneDelegate.swift */ = {isa = PBXFileReference; lastKnownFileType = sourcecode.swift; path = SceneDelegate.swift; sourceTree = "<group>"; };
		981ADF2D26FEEB900097497C /* ViewController.swift */ = {isa = PBXFileReference; lastKnownFileType = sourcecode.swift; path = ViewController.swift; sourceTree = "<group>"; };
		981ADF3026FEEB900097497C /* Base */ = {isa = PBXFileReference; lastKnownFileType = file.storyboard; name = Base; path = Base.lproj/Main.storyboard; sourceTree = "<group>"; };
		981ADF3226FEEB910097497C /* Assets.xcassets */ = {isa = PBXFileReference; lastKnownFileType = folder.assetcatalog; path = Assets.xcassets; sourceTree = "<group>"; };
		981ADF3526FEEB910097497C /* Base */ = {isa = PBXFileReference; lastKnownFileType = file.storyboard; name = Base; path = Base.lproj/LaunchScreen.storyboard; sourceTree = "<group>"; };
		981ADF3726FEEB910097497C /* Info.plist */ = {isa = PBXFileReference; lastKnownFileType = text.plist.xml; path = Info.plist; sourceTree = "<group>"; };
		981ADF3C26FEEB910097497C /* NYTTests.xctest */ = {isa = PBXFileReference; explicitFileType = wrapper.cfbundle; includeInIndex = 0; path = NYTTests.xctest; sourceTree = BUILT_PRODUCTS_DIR; };
		981ADF4026FEEB910097497C /* NYTTests.swift */ = {isa = PBXFileReference; lastKnownFileType = sourcecode.swift; path = NYTTests.swift; sourceTree = "<group>"; };
		981ADF4226FEEB910097497C /* Info.plist */ = {isa = PBXFileReference; lastKnownFileType = text.plist.xml; path = Info.plist; sourceTree = "<group>"; };
		981ADF4726FEEB910097497C /* NYTUITests.xctest */ = {isa = PBXFileReference; explicitFileType = wrapper.cfbundle; includeInIndex = 0; path = NYTUITests.xctest; sourceTree = BUILT_PRODUCTS_DIR; };
		981ADF4B26FEEB910097497C /* NYTUITests.swift */ = {isa = PBXFileReference; lastKnownFileType = sourcecode.swift; path = NYTUITests.swift; sourceTree = "<group>"; };
		981ADF4D26FEEB910097497C /* Info.plist */ = {isa = PBXFileReference; lastKnownFileType = text.plist.xml; path = Info.plist; sourceTree = "<group>"; };
/* End PBXFileReference section */

/* Begin PBXFrameworksBuildPhase section */
		981ADF2326FEEB900097497C /* Frameworks */ = {
			isa = PBXFrameworksBuildPhase;
			buildActionMask = 2147483647;
			files = (
			);
			runOnlyForDeploymentPostprocessing = 0;
		};
		981ADF3926FEEB910097497C /* Frameworks */ = {
			isa = PBXFrameworksBuildPhase;
			buildActionMask = 2147483647;
			files = (
			);
			runOnlyForDeploymentPostprocessing = 0;
		};
		981ADF4426FEEB910097497C /* Frameworks */ = {
			isa = PBXFrameworksBuildPhase;
			buildActionMask = 2147483647;
			files = (
			);
			runOnlyForDeploymentPostprocessing = 0;
		};
/* End PBXFrameworksBuildPhase section */

/* Begin PBXGroup section */
		981ADF1D26FEEB900097497C = {
			isa = PBXGroup;
			children = (
				981ADF2826FEEB900097497C /* NYT */,
				981ADF3F26FEEB910097497C /* NYTTests */,
				981ADF4A26FEEB910097497C /* NYTUITests */,
				981ADF2726FEEB900097497C /* Products */,
			);
			sourceTree = "<group>";
		};
		981ADF2726FEEB900097497C /* Products */ = {
			isa = PBXGroup;
			children = (
				981ADF2626FEEB900097497C /* NYT.app */,
				981ADF3C26FEEB910097497C /* NYTTests.xctest */,
				981ADF4726FEEB910097497C /* NYTUITests.xctest */,
			);
			name = Products;
			sourceTree = "<group>";
		};
		981ADF2826FEEB900097497C /* NYT */ = {
			isa = PBXGroup;
			children = (
				981ADF2926FEEB900097497C /* AppDelegate.swift */,
				981ADF2B26FEEB900097497C /* SceneDelegate.swift */,
				981ADF2D26FEEB900097497C /* ViewController.swift */,
				981ADF2F26FEEB900097497C /* Main.storyboard */,
				981ADF3226FEEB910097497C /* Assets.xcassets */,
				981ADF3426FEEB910097497C /* LaunchScreen.storyboard */,
				981ADF3726FEEB910097497C /* Info.plist */,
			);
			path = NYT;
			sourceTree = "<group>";
		};
		981ADF3F26FEEB910097497C /* NYTTests */ = {
			isa = PBXGroup;
			children = (
				981ADF4026FEEB910097497C /* NYTTests.swift */,
				981ADF4226FEEB910097497C /* Info.plist */,
			);
			path = NYTTests;
			sourceTree = "<group>";
		};
		981ADF4A26FEEB910097497C /* NYTUITests */ = {
			isa = PBXGroup;
			children = (
				981ADF4B26FEEB910097497C /* NYTUITests.swift */,
				981ADF4D26FEEB910097497C /* Info.plist */,
			);
			path = NYTUITests;
			sourceTree = "<group>";
		};
/* End PBXGroup section */

/* Begin PBXNativeTarget section */
		981ADF2526FEEB900097497C /* NYT */ = {
			isa = PBXNativeTarget;
			buildConfigurationList = 981ADF5026FEEB910097497C /* Build configuration list for PBXNativeTarget "NYT" */;
			buildPhases = (
				981ADF2226FEEB900097497C /* Sources */,
				981ADF2326FEEB900097497C /* Frameworks */,
				981ADF2426FEEB900097497C /* Resources */,
			);
			buildRules = (
			);
			dependencies = (
			);
			name = NYT;
			productName = NYT;
			productReference = 981ADF2626FEEB900097497C /* NYT.app */;
			productType = "com.apple.product-type.application";
		};
		981ADF3B26FEEB910097497C /* NYTTests */ = {
			isa = PBXNativeTarget;
			buildConfigurationList = 981ADF5326FEEB910097497C /* Build configuration list for PBXNativeTarget "NYTTests" */;
			buildPhases = (
				981ADF3826FEEB910097497C /* Sources */,
				981ADF3926FEEB910097497C /* Frameworks */,
				981ADF3A26FEEB910097497C /* Resources */,
			);
			buildRules = (
			);
			dependencies = (
				981ADF3E26FEEB910097497C /* PBXTargetDependency */,
			);
			name = NYTTests;
			productName = NYTTests;
			productReference = 981ADF3C26FEEB910097497C /* NYTTests.xctest */;
			productType = "com.apple.product-type.bundle.unit-test";
		};
		981ADF4626FEEB910097497C /* NYTUITests */ = {
			isa = PBXNativeTarget;
			buildConfigurationList = 981ADF5626FEEB910097497C /* Build configuration list for PBXNativeTarget "NYTUITests" */;
			buildPhases = (
				981ADF4326FEEB910097497C /* Sources */,
				981ADF4426FEEB910097497C /* Frameworks */,
				981ADF4526FEEB910097497C /* Resources */,
			);
			buildRules = (
			);
			dependencies = (
				981ADF4926FEEB910097497C /* PBXTargetDependency */,
			);
			name = NYTUITests;
			productName = NYTUITests;
			productReference = 981ADF4726FEEB910097497C /* NYTUITests.xctest */;
			productType = "com.apple.product-type.bundle.ui-testing";
		};
/* End PBXNativeTarget section */

/* Begin PBXProject section */
		981ADF1E26FEEB900097497C /* Project object */ = {
			isa = PBXProject;
			attributes = {
				LastSwiftUpdateCheck = 1250;
				LastUpgradeCheck = 1250;
				TargetAttributes = {
					981ADF2526FEEB900097497C = {
						CreatedOnToolsVersion = 12.5;
					};
					981ADF3B26FEEB910097497C = {
						CreatedOnToolsVersion = 12.5;
						TestTargetID = 981ADF2526FEEB900097497C;
					};
					981ADF4626FEEB910097497C = {
						CreatedOnToolsVersion = 12.5;
						TestTargetID = 981ADF2526FEEB900097497C;
					};
				};
			};
			buildConfigurationList = 981ADF2126FEEB900097497C /* Build configuration list for PBXProject "NYT" */;
			compatibilityVersion = "Xcode 9.3";
			developmentRegion = en;
			hasScannedForEncodings = 0;
			knownRegions = (
				en,
				Base,
			);
			mainGroup = 981ADF1D26FEEB900097497C;
			productRefGroup = 981ADF2726FEEB900097497C /* Products */;
			projectDirPath = "";
			projectRoot = "";
			targets = (
				981ADF2526FEEB900097497C /* NYT */,
				981ADF3B26FEEB910097497C /* NYTTests */,
				981ADF4626FEEB910097497C /* NYTUITests */,
			);
		};
/* End PBXProject section */

/* Begin PBXResourcesBuildPhase section */
		981ADF2426FEEB900097497C /* Resources */ = {
			isa = PBXResourcesBuildPhase;
			buildActionMask = 2147483647;
			files = (
				981ADF3626FEEB910097497C /* LaunchScreen.storyboard in Resources */,
				981ADF3326FEEB910097497C /* Assets.xcassets in Resources */,
				981ADF3126FEEB900097497C /* Main.storyboard in Resources */,
			);
			runOnlyForDeploymentPostprocessing = 0;
		};
		981ADF3A26FEEB910097497C /* Resources */ = {
			isa = PBXResourcesBuildPhase;
			buildActionMask = 2147483647;
			files = (
			);
			runOnlyForDeploymentPostprocessing = 0;
		};
		981ADF4526FEEB910097497C /* Resources */ = {
			isa = PBXResourcesBuildPhase;
			buildActionMask = 2147483647;
			files = (
			);
			runOnlyForDeploymentPostprocessing = 0;
		};
/* End PBXResourcesBuildPhase section */

/* Begin PBXSourcesBuildPhase section */
		981ADF2226FEEB900097497C /* Sources */ = {
			isa = PBXSourcesBuildPhase;
			buildActionMask = 2147483647;
			files = (
				981ADF2E26FEEB900097497C /* ViewController.swift in Sources */,
				981ADF2A26FEEB900097497C /* AppDelegate.swift in Sources */,
				981ADF2C26FEEB900097497C /* SceneDelegate.swift in Sources */,
			);
			runOnlyForDeploymentPostprocessing = 0;
		};
		981ADF3826FEEB910097497C /* Sources */ = {
			isa = PBXSourcesBuildPhase;
			buildActionMask = 2147483647;
			files = (
				981ADF4126FEEB910097497C /* NYTTests.swift in Sources */,
			);
			runOnlyForDeploymentPostprocessing = 0;
		};
		981ADF4326FEEB910097497C /* Sources */ = {
			isa = PBXSourcesBuildPhase;
			buildActionMask = 2147483647;
			files = (
				981ADF4C26FEEB910097497C /* NYTUITests.swift in Sources */,
			);
			runOnlyForDeploymentPostprocessing = 0;
		};
/* End PBXSourcesBuildPhase section */

/* Begin PBXTargetDependency section */
		981ADF3E26FEEB910097497C /* PBXTargetDependency */ = {
			isa = PBXTargetDependency;
			target = 981ADF2526FEEB900097497C /* NYT */;
			targetProxy = 981ADF3D26FEEB910097497C /* PBXContainerItemProxy */;
		};
		981ADF4926FEEB910097497C /* PBXTargetDependency */ = {
			isa = PBXTargetDependency;
			target = 981ADF2526FEEB900097497C /* NYT */;
			targetProxy = 981ADF4826FEEB910097497C /* PBXContainerItemProxy */;
		};
/* End PBXTargetDependency section */

/* Begin PBXVariantGroup section */
		981ADF2F26FEEB900097497C /* Main.storyboard */ = {
			isa = PBXVariantGroup;
			children = (
				981ADF3026FEEB900097497C /* Base */,
			);
			name = Main.storyboard;
			sourceTree = "<group>";
		};
		981ADF3426FEEB910097497C /* LaunchScreen.storyboard */ = {
			isa = PBXVariantGroup;
			children = (
				981ADF3526FEEB910097497C /* Base */,
			);
			name = LaunchScreen.storyboard;
			sourceTree = "<group>";
		};
/* End PBXVariantGroup section */

/* Begin XCBuildConfiguration section */
		981ADF4E26FEEB910097497C /* Debug */ = {
			isa = XCBuildConfiguration;
			buildSettings = {
				ALWAYS_SEARCH_USER_PATHS = NO;
				CLANG_ANALYZER_NONNULL = YES;
				CLANG_ANALYZER_NUMBER_OBJECT_CONVERSION = YES_AGGRESSIVE;
				CLANG_CXX_LANGUAGE_STANDARD = "gnu++14";
				CLANG_CXX_LIBRARY = "libc++";
				CLANG_ENABLE_MODULES = YES;
				CLANG_ENABLE_OBJC_ARC = YES;
				CLANG_ENABLE_OBJC_WEAK = YES;
				CLANG_WARN_BLOCK_CAPTURE_AUTORELEASING = YES;
				CLANG_WARN_BOOL_CONVERSION = YES;
				CLANG_WARN_COMMA = YES;
				CLANG_WARN_CONSTANT_CONVERSION = YES;
				CLANG_WARN_DEPRECATED_OBJC_IMPLEMENTATIONS = YES;
				CLANG_WARN_DIRECT_OBJC_ISA_USAGE = YES_ERROR;
				CLANG_WARN_DOCUMENTATION_COMMENTS = YES;
				CLANG_WARN_EMPTY_BODY = YES;
				CLANG_WARN_ENUM_CONVERSION = YES;
				CLANG_WARN_INFINITE_RECURSION = YES;
				CLANG_WARN_INT_CONVERSION = YES;
				CLANG_WARN_NON_LITERAL_NULL_CONVERSION = YES;
				CLANG_WARN_OBJC_IMPLICIT_RETAIN_SELF = YES;
				CLANG_WARN_OBJC_LITERAL_CONVERSION = YES;
				CLANG_WARN_OBJC_ROOT_CLASS = YES_ERROR;
				CLANG_WARN_QUOTED_INCLUDE_IN_FRAMEWORK_HEADER = YES;
				CLANG_WARN_RANGE_LOOP_ANALYSIS = YES;
				CLANG_WARN_STRICT_PROTOTYPES = YES;
				CLANG_WARN_SUSPICIOUS_MOVE = YES;
				CLANG_WARN_UNGUARDED_AVAILABILITY = YES_AGGRESSIVE;
				CLANG_WARN_UNREACHABLE_CODE = YES;
				CLANG_WARN__DUPLICATE_METHOD_MATCH = YES;
				COPY_PHASE_STRIP = NO;
				DEBUG_INFORMATION_FORMAT = dwarf;
				ENABLE_STRICT_OBJC_MSGSEND = YES;
				ENABLE_TESTABILITY = YES;
				GCC_C_LANGUAGE_STANDARD = gnu11;
				GCC_DYNAMIC_NO_PIC = NO;
				GCC_NO_COMMON_BLOCKS = YES;
				GCC_OPTIMIZATION_LEVEL = 0;
				GCC_PREPROCESSOR_DEFINITIONS = (
					"DEBUG=1",
					"$(inherited)",
				);
				GCC_WARN_64_TO_32_BIT_CONVERSION = YES;
				GCC_WARN_ABOUT_RETURN_TYPE = YES_ERROR;
				GCC_WARN_UNDECLARED_SELECTOR = YES;
				GCC_WARN_UNINITIALIZED_AUTOS = YES_AGGRESSIVE;
				GCC_WARN_UNUSED_FUNCTION = YES;
				GCC_WARN_UNUSED_VARIABLE = YES;
				IPHONEOS_DEPLOYMENT_TARGET = 14.5;
				MTL_ENABLE_DEBUG_INFO = INCLUDE_SOURCE;
				MTL_FAST_MATH = YES;
				ONLY_ACTIVE_ARCH = YES;
				SDKROOT = iphoneos;
				SWIFT_ACTIVE_COMPILATION_CONDITIONS = DEBUG;
				SWIFT_OPTIMIZATION_LEVEL = "-Onone";
			};
			name = Debug;
		};
		981ADF4F26FEEB910097497C /* Release */ = {
			isa = XCBuildConfiguration;
			buildSettings = {
				ALWAYS_SEARCH_USER_PATHS = NO;
				CLANG_ANALYZER_NONNULL = YES;
				CLANG_ANALYZER_NUMBER_OBJECT_CONVERSION = YES_AGGRESSIVE;
				CLANG_CXX_LANGUAGE_STANDARD = "gnu++14";
				CLANG_CXX_LIBRARY = "libc++";
				CLANG_ENABLE_MODULES = YES;
				CLANG_ENABLE_OBJC_ARC = YES;
				CLANG_ENABLE_OBJC_WEAK = YES;
				CLANG_WARN_BLOCK_CAPTURE_AUTORELEASING = YES;
				CLANG_WARN_BOOL_CONVERSION = YES;
				CLANG_WARN_COMMA = YES;
				CLANG_WARN_CONSTANT_CONVERSION = YES;
				CLANG_WARN_DEPRECATED_OBJC_IMPLEMENTATIONS = YES;
				CLANG_WARN_DIRECT_OBJC_ISA_USAGE = YES_ERROR;
				CLANG_WARN_DOCUMENTATION_COMMENTS = YES;
				CLANG_WARN_EMPTY_BODY = YES;
				CLANG_WARN_ENUM_CONVERSION = YES;
				CLANG_WARN_INFINITE_RECURSION = YES;
				CLANG_WARN_INT_CONVERSION = YES;
				CLANG_WARN_NON_LITERAL_NULL_CONVERSION = YES;
				CLANG_WARN_OBJC_IMPLICIT_RETAIN_SELF = YES;
				CLANG_WARN_OBJC_LITERAL_CONVERSION = YES;
				CLANG_WARN_OBJC_ROOT_CLASS = YES_ERROR;
				CLANG_WARN_QUOTED_INCLUDE_IN_FRAMEWORK_HEADER = YES;
				CLANG_WARN_RANGE_LOOP_ANALYSIS = YES;
				CLANG_WARN_STRICT_PROTOTYPES = YES;
				CLANG_WARN_SUSPICIOUS_MOVE = YES;
				CLANG_WARN_UNGUARDED_AVAILABILITY = YES_AGGRESSIVE;
				CLANG_WARN_UNREACHABLE_CODE = YES;
				CLANG_WARN__DUPLICATE_METHOD_MATCH = YES;
				COPY_PHASE_STRIP = NO;
				DEBUG_INFORMATION_FORMAT = "dwarf-with-dsym";
				ENABLE_NS_ASSERTIONS = NO;
				ENABLE_STRICT_OBJC_MSGSEND = YES;
				GCC_C_LANGUAGE_STANDARD = gnu11;
				GCC_NO_COMMON_BLOCKS = YES;
				GCC_WARN_64_TO_32_BIT_CONVERSION = YES;
				GCC_WARN_ABOUT_RETURN_TYPE = YES_ERROR;
				GCC_WARN_UNDECLARED_SELECTOR = YES;
				GCC_WARN_UNINITIALIZED_AUTOS = YES_AGGRESSIVE;
				GCC_WARN_UNUSED_FUNCTION = YES;
				GCC_WARN_UNUSED_VARIABLE = YES;
				IPHONEOS_DEPLOYMENT_TARGET = 14.5;
				MTL_ENABLE_DEBUG_INFO = NO;
				MTL_FAST_MATH = YES;
				SDKROOT = iphoneos;
				SWIFT_COMPILATION_MODE = wholemodule;
				SWIFT_OPTIMIZATION_LEVEL = "-O";
				VALIDATE_PRODUCT = YES;
			};
			name = Release;
		};
		981ADF5126FEEB910097497C /* Debug */ = {
			isa = XCBuildConfiguration;
			buildSettings = {
				ASSETCATALOG_COMPILER_APPICON_NAME = AppIcon;
				ASSETCATALOG_COMPILER_GLOBAL_ACCENT_COLOR_NAME = AccentColor;
				CODE_SIGN_STYLE = Automatic;
				DEVELOPMENT_TEAM = VFZFN9TF7V;
				INFOPLIST_FILE = NYT/Info.plist;
				LD_RUNPATH_SEARCH_PATHS = (
					"$(inherited)",
					"@executable_path/Frameworks",
				);
				PRODUCT_BUNDLE_IDENTIFIER = com.zabihi7.NYT;
				PRODUCT_NAME = "$(TARGET_NAME)";
				SWIFT_VERSION = 5.0;
				TARGETED_DEVICE_FAMILY = "1,2";
			};
			name = Debug;
		};
		981ADF5226FEEB910097497C /* Release */ = {
			isa = XCBuildConfiguration;
			buildSettings = {
				ASSETCATALOG_COMPILER_APPICON_NAME = AppIcon;
				ASSETCATALOG_COMPILER_GLOBAL_ACCENT_COLOR_NAME = AccentColor;
				CODE_SIGN_STYLE = Automatic;
				DEVELOPMENT_TEAM = VFZFN9TF7V;
				INFOPLIST_FILE = NYT/Info.plist;
				LD_RUNPATH_SEARCH_PATHS = (
					"$(inherited)",
					"@executable_path/Frameworks",
				);
				PRODUCT_BUNDLE_IDENTIFIER = com.zabihi7.NYT;
				PRODUCT_NAME = "$(TARGET_NAME)";
				SWIFT_VERSION = 5.0;
				TARGETED_DEVICE_FAMILY = "1,2";
			};
			name = Release;
		};
		981ADF5426FEEB910097497C /* Debug */ = {
			isa = XCBuildConfiguration;
			buildSettings = {
				ALWAYS_EMBED_SWIFT_STANDARD_LIBRARIES = YES;
				BUNDLE_LOADER = "$(TEST_HOST)";
				CODE_SIGN_STYLE = Automatic;
				DEVELOPMENT_TEAM = VFZFN9TF7V;
				INFOPLIST_FILE = NYTTests/Info.plist;
				IPHONEOS_DEPLOYMENT_TARGET = 14.5;
				LD_RUNPATH_SEARCH_PATHS = (
					"$(inherited)",
					"@executable_path/Frameworks",
					"@loader_path/Frameworks",
				);
				PRODUCT_BUNDLE_IDENTIFIER = com.zabihi7.NYTTests;
				PRODUCT_NAME = "$(TARGET_NAME)";
				SWIFT_VERSION = 5.0;
				TARGETED_DEVICE_FAMILY = "1,2";
				TEST_HOST = "$(BUILT_PRODUCTS_DIR)/NYT.app/NYT";
			};
			name = Debug;
		};
		981ADF5526FEEB910097497C /* Release */ = {
			isa = XCBuildConfiguration;
			buildSettings = {
				ALWAYS_EMBED_SWIFT_STANDARD_LIBRARIES = YES;
				BUNDLE_LOADER = "$(TEST_HOST)";
				CODE_SIGN_STYLE = Automatic;
				DEVELOPMENT_TEAM = VFZFN9TF7V;
				INFOPLIST_FILE = NYTTests/Info.plist;
				IPHONEOS_DEPLOYMENT_TARGET = 14.5;
				LD_RUNPATH_SEARCH_PATHS = (
					"$(inherited)",
					"@executable_path/Frameworks",
					"@loader_path/Frameworks",
				);
				PRODUCT_BUNDLE_IDENTIFIER = com.zabihi7.NYTTests;
				PRODUCT_NAME = "$(TARGET_NAME)";
				SWIFT_VERSION = 5.0;
				TARGETED_DEVICE_FAMILY = "1,2";
				TEST_HOST = "$(BUILT_PRODUCTS_DIR)/NYT.app/NYT";
			};
			name = Release;
		};
		981ADF5726FEEB910097497C /* Debug */ = {
			isa = XCBuildConfiguration;
			buildSettings = {
				ALWAYS_EMBED_SWIFT_STANDARD_LIBRARIES = YES;
				CODE_SIGN_STYLE = Automatic;
				DEVELOPMENT_TEAM = VFZFN9TF7V;
				INFOPLIST_FILE = NYTUITests/Info.plist;
				LD_RUNPATH_SEARCH_PATHS = (
					"$(inherited)",
					"@executable_path/Frameworks",
					"@loader_path/Frameworks",
				);
				PRODUCT_BUNDLE_IDENTIFIER = com.zabihi7.NYTUITests;
				PRODUCT_NAME = "$(TARGET_NAME)";
				SWIFT_VERSION = 5.0;
				TARGETED_DEVICE_FAMILY = "1,2";
				TEST_TARGET_NAME = NYT;
			};
			name = Debug;
		};
		981ADF5826FEEB910097497C /* Release */ = {
			isa = XCBuildConfiguration;
			buildSettings = {
				ALWAYS_EMBED_SWIFT_STANDARD_LIBRARIES = YES;
				CODE_SIGN_STYLE = Automatic;
				DEVELOPMENT_TEAM = VFZFN9TF7V;
				INFOPLIST_FILE = NYTUITests/Info.plist;
				LD_RUNPATH_SEARCH_PATHS = (
					"$(inherited)",
					"@executable_path/Frameworks",
					"@loader_path/Frameworks",
				);
				PRODUCT_BUNDLE_IDENTIFIER = com.zabihi7.NYTUITests;
				PRODUCT_NAME = "$(TARGET_NAME)";
				SWIFT_VERSION = 5.0;
				TARGETED_DEVICE_FAMILY = "1,2";
				TEST_TARGET_NAME = NYT;
			};
			name = Release;
		};
/* End XCBuildConfiguration section */

/* Begin XCConfigurationList section */
		981ADF2126FEEB900097497C /* Build configuration list for PBXProject "NYT" */ = {
			isa = XCConfigurationList;
			buildConfigurations = (
				981ADF4E26FEEB910097497C /* Debug */,
				981ADF4F26FEEB910097497C /* Release */,
			);
			defaultConfigurationIsVisible = 0;
			defaultConfigurationName = Release;
		};
		981ADF5026FEEB910097497C /* Build configuration list for PBXNativeTarget "NYT" */ = {
			isa = XCConfigurationList;
			buildConfigurations = (
				981ADF5126FEEB910097497C /* Debug */,
				981ADF5226FEEB910097497C /* Release */,
			);
			defaultConfigurationIsVisible = 0;
			defaultConfigurationName = Release;
		};
		981ADF5326FEEB910097497C /* Build configuration list for PBXNativeTarget "NYTTests" */ = {
			isa = XCConfigurationList;
			buildConfigurations = (
				981ADF5426FEEB910097497C /* Debug */,
				981ADF5526FEEB910097497C /* Release */,
			);
			defaultConfigurationIsVisible = 0;
			defaultConfigurationName = Release;
		};
		981ADF5626FEEB910097497C /* Build configuration list for PBXNativeTarget "NYTUITests" */ = {
			isa = XCConfigurationList;
			buildConfigurations = (
				981ADF5726FEEB910097497C /* Debug */,
				981ADF5826FEEB910097497C /* Release */,
			);
			defaultConfigurationIsVisible = 0;
			defaultConfigurationName = Release;
		};
/* End XCConfigurationList section */
	};
	rootObject = 981ADF1E26FEEB900097497C /* Project object */;
}
